
Microsoft Visual Studio Solution File, Format Version 12.00
# Visual Studio Version 17
VisualStudioVersion = 17.9.34616.47
MinimumVisualStudioVersion = 10.0.40219.1
Project("{FAE04EC0-301F-11D3-BF4B-00C04F79EFBC}") = "HesapMakinesiDENE", "HesapMakinesiDENE\HesapMakinesiDENE.csproj", "{D968F132-BA27-4F3F-82ED-374BC39D11C7}"
EndProject
Global
	GlobalSection(SolutionConfigurationPlatforms) = preSolution
		Debug|Any CPU = Debug|Any CPU
		Release|Any CPU = Release|Any CPU
	EndGlobalSection
	GlobalSection(ProjectConfigurationPlatforms) = postSolution
		{D968F132-BA27-4F3F-82ED-374BC39D11C7}.Debug|Any CPU.ActiveCfg = Debug|Any CPU
		{D968F132-BA27-4F3F-82ED-374BC39D11C7}.Debug|Any CPU.Build.0 = Debug|Any CPU
		{D968F132-BA27-4F3F-82ED-374BC39D11C7}.Release|Any CPU.ActiveCfg = Release|Any CPU
		{D968F132-BA27-4F3F-82ED-374BC39D11C7}.Release|Any CPU.Build.0 = Release|Any CPU
	EndGlobalSection
	GlobalSection(SolutionProperties) = preSolution
		HideSolutionNode = FALSE
	EndGlobalSection
	GlobalSection(ExtensibilityGlobals) = postSolution
		SolutionGuid = {BE60A5CD-8D4A-4D19-968F-A4DFA1F3082B}
	EndGlobalSection
EndGlobal
